
Microsoft Visual Studio Solution File, Format Version 12.00
# Visual Studio Version 17
VisualStudioVersion = 17.10.35122.118
MinimumVisualStudioVersion = 10.0.40219.1
Project("{FAE04EC0-301F-11D3-BF4B-00C04F79EFBC}") = "GrpcClient2", "GrpcClient2\GrpcClient2.csproj", "{C191D0BA-CF41-441A-A981-31709A098D80}"
EndProject
Project("{FAE04EC0-301F-11D3-BF4B-00C04F79EFBC}") = "GrpcService2.Domain", "GrpcService2.Domain\GrpcService2.Domain.csproj", "{C2CC1DA6-47E5-4E15-815B-A720A4FEFBFF}"
EndProject
Project("{FAE04EC0-301F-11D3-BF4B-00C04F79EFBC}") = "GrpcService2.Application", "GrpcService2.Application\GrpcService2.Application.csproj", "{B29FAC33-475E-449F-A486-28BCB3441FC7}"
EndProject
Project("{FAE04EC0-301F-11D3-BF4B-00C04F79EFBC}") = "GrpcService2.Infrastructure", "GrpcService2.Infrastructure\GrpcService2.Infrastructure.csproj", "{A4330795-5341-4E0E-AA23-C926497F83A3}"
EndProject
Project("{FAE04EC0-301F-11D3-BF4B-00C04F79EFBC}") = "GrpcService2.API", "GrpcService2.API\GrpcService2.API.csproj", "{FF8A59A9-4B44-40A0-AFA0-4A7D7DDB142C}"
EndProject
Global
	GlobalSection(SolutionConfigurationPlatforms) = preSolution
		Debug|Any CPU = Debug|Any CPU
		Release|Any CPU = Release|Any CPU
	EndGlobalSection
	GlobalSection(ProjectConfigurationPlatforms) = postSolution
		{C191D0BA-CF41-441A-A981-31709A098D80}.Debug|Any CPU.ActiveCfg = Debug|Any CPU
		{C191D0BA-CF41-441A-A981-31709A098D80}.Debug|Any CPU.Build.0 = Debug|Any CPU
		{C191D0BA-CF41-441A-A981-31709A098D80}.Release|Any CPU.ActiveCfg = Release|Any CPU
		{C191D0BA-CF41-441A-A981-31709A098D80}.Release|Any CPU.Build.0 = Release|Any CPU
		{C2CC1DA6-47E5-4E15-815B-A720A4FEFBFF}.Debug|Any CPU.ActiveCfg = Debug|Any CPU
		{C2CC1DA6-47E5-4E15-815B-A720A4FEFBFF}.Debug|Any CPU.Build.0 = Debug|Any CPU
		{C2CC1DA6-47E5-4E15-815B-A720A4FEFBFF}.Release|Any CPU.ActiveCfg = Release|Any CPU
		{C2CC1DA6-47E5-4E15-815B-A720A4FEFBFF}.Release|Any CPU.Build.0 = Release|Any CPU
		{B29FAC33-475E-449F-A486-28BCB3441FC7}.Debug|Any CPU.ActiveCfg = Debug|Any CPU
		{B29FAC33-475E-449F-A486-28BCB3441FC7}.Debug|Any CPU.Build.0 = Debug|Any CPU
		{B29FAC33-475E-449F-A486-28BCB3441FC7}.Release|Any CPU.ActiveCfg = Release|Any CPU
		{B29FAC33-475E-449F-A486-28BCB3441FC7}.Release|Any CPU.Build.0 = Release|Any CPU
		{A4330795-5341-4E0E-AA23-C926497F83A3}.Debug|Any CPU.ActiveCfg = Debug|Any CPU
		{A4330795-5341-4E0E-AA23-C926497F83A3}.Debug|Any CPU.Build.0 = Debug|Any CPU
		{A4330795-5341-4E0E-AA23-C926497F83A3}.Release|Any CPU.ActiveCfg = Release|Any CPU
		{A4330795-5341-4E0E-AA23-C926497F83A3}.Release|Any CPU.Build.0 = Release|Any CPU
		{FF8A59A9-4B44-40A0-AFA0-4A7D7DDB142C}.Debug|Any CPU.ActiveCfg = Debug|Any CPU
		{FF8A59A9-4B44-40A0-AFA0-4A7D7DDB142C}.Debug|Any CPU.Build.0 = Debug|Any CPU
		{FF8A59A9-4B44-40A0-AFA0-4A7D7DDB142C}.Release|Any CPU.ActiveCfg = Release|Any CPU
		{FF8A59A9-4B44-40A0-AFA0-4A7D7DDB142C}.Release|Any CPU.Build.0 = Release|Any CPU
	EndGlobalSection
	GlobalSection(SolutionProperties) = preSolution
		HideSolutionNode = FALSE
	EndGlobalSection
	GlobalSection(ExtensibilityGlobals) = postSolution
		SolutionGuid = {ACA3867F-A6D4-4EB5-BADB-4785B6F0B1A4}
	EndGlobalSection
EndGlobal
